---
http_interactions:
- request:
    method: post
    uri: https://generativelanguage.googleapis.com/v1beta/models/gemini-3.1-flash-lite:generateContent?key=TOKEN
    body:
      encoding: UTF-8
      string: '{"contents":[{"role":"user","parts":[{"text":"You are a bot that can
        run UNIX commands"}]},{"role":"user","parts":[{"text":"What is the date?"}]}],"tools":[{"functionDeclarations":[{"name":"system","description":"Runs
        system commands","parameters":{"type":"object","properties":{"command":{"type":"string"}},"required":["command"]}}]}]}'
    headers:
      User-Agent:
      - llm.rb v11.3.1
      Content-Type:
      - application/json
      Transfer-Encoding:
      - chunked
      Accept-Encoding:
      - gzip;q=1.0,deflate;q=0.6,identity;q=0.3
      Accept:
      - "*/*"
  response:
    status:
      code: 200
      message: OK
    headers:
      X-Gemini-Service-Tier:
      - standard
      Content-Type:
      - application/json; charset=UTF-8
      Vary:
      - Origin
      - Referer
      - X-Origin
      Date:
      - Fri, 26 Jun 2026 11:28:49 GMT
      Server:
      - scaffolding on HTTPServer2
      X-Xss-Protection:
      - '0'
      X-Frame-Options:
      - SAMEORIGIN
      X-Content-Type-Options:
      - nosniff
      Server-Timing:
      - gfet4t7; dur=612
      Alt-Svc:
      - h3=":443"; ma=2592000,h3-29=":443"; ma=2592000
      Transfer-Encoding:
      - chunked
    body:
      encoding: ASCII-8BIT
      string: |
        {
          "candidates": [
            {
              "content": {
                "parts": [
                  {
                    "functionCall": {
                      "name": "system",
                      "args": {
                        "command": "date"
                      },
                      "id": "jdGsylwM"
                    },
                    "thoughtSignature": "EjQKMgEMOdbHtVw9lMgh80YiyNjB9sVxT5H2GADveaXmjl2GYjzjnlpFvnhONaipSQPM32cq"
                  }
                ],
                "role": "model"
              },
              "finishReason": "STOP",
              "index": 0,
              "finishMessage": "Model generated function call(s)."
            }
          ],
          "usageMetadata": {
            "promptTokenCount": 54,
            "candidatesTokenCount": 14,
            "totalTokenCount": 68,
            "promptTokensDetails": [
              {
                "modality": "TEXT",
                "tokenCount": 54
              }
            ],
            "serviceTier": "standard"
          },
          "modelVersion": "gemini-3.1-flash-lite",
          "responseId": "cGI-apa3OOKfz7IP5vOC8QQ"
        }
  recorded_at: Fri, 26 Jun 2026 11:28:41 GMT
- request:
    method: post
    uri: https://generativelanguage.googleapis.com/v1beta/models/gemini-3.1-flash-lite:generateContent?key=TOKEN
    body:
      encoding: UTF-8
      string: '{"contents":[{"role":"user","parts":[{"text":"You are a bot that can
        run UNIX commands"}]},{"role":"user","parts":[{"text":"What is the date?"}]},{"role":"model","parts":[{"functionCall":{"name":"system","args":{"command":"date"},"id":"jdGsylwM"},"thoughtSignature":"EjQKMgEMOdbHtVw9lMgh80YiyNjB9sVxT5H2GADveaXmjl2GYjzjnlpFvnhONaipSQPM32cq"}]},{"role":"tool","parts":[{"functionResponse":{"name":"system","response":{"cancelled":true,"reason":"function
        call cancelled"}}}]},{"role":"user","parts":[{"functionResponse":{"name":"system","response":{"success":"2025-08-24"}}}]}],"tools":[{"functionDeclarations":[{"name":"system","description":"Runs
        system commands","parameters":{"type":"object","properties":{"command":{"type":"string"}},"required":["command"]}}]}]}'
    headers:
      User-Agent:
      - llm.rb v11.3.1
      Content-Type:
      - application/json
      Transfer-Encoding:
      - chunked
      Accept-Encoding:
      - gzip;q=1.0,deflate;q=0.6,identity;q=0.3
      Accept:
      - "*/*"
  response:
    status:
      code: 200
      message: OK
    headers:
      X-Gemini-Service-Tier:
      - standard
      Content-Type:
      - application/json; charset=UTF-8
      Vary:
      - Origin
      - Referer
      - X-Origin
      Date:
      - Fri, 26 Jun 2026 11:28:49 GMT
      Server:
      - scaffolding on HTTPServer2
      X-Xss-Protection:
      - '0'
      X-Frame-Options:
      - SAMEORIGIN
      X-Content-Type-Options:
      - nosniff
      Server-Timing:
      - gfet4t7; dur=445
      Alt-Svc:
      - h3=":443"; ma=2592000,h3-29=":443"; ma=2592000
      Transfer-Encoding:
      - chunked
    body:
      encoding: ASCII-8BIT
      string: |
        {
          "candidates": [
            {
              "content": {
                "parts": [
                  {
                    "text": "The current date is 2025-08-24.",
                    "thoughtSignature": "EjQKMgEMOdbH4urnToSUpncssZKuF9Bl0i5+fsLvSYUffHksimrgK8l1c5noxkOzFsME2EVr"
                  }
                ],
                "role": "model"
              },
              "finishReason": "STOP",
              "index": 0
            }
          ],
          "usageMetadata": {
            "promptTokenCount": 108,
            "candidatesTokenCount": 16,
            "totalTokenCount": 124,
            "promptTokensDetails": [
              {
                "modality": "TEXT",
                "tokenCount": 108
              }
            ],
            "serviceTier": "standard"
          },
          "modelVersion": "gemini-3.1-flash-lite",
          "responseId": "cWI-aq3ZJtnrz7IPo727iQU"
        }
  recorded_at: Fri, 26 Jun 2026 11:28:41 GMT
recorded_with: VCR 6.4.0
