---
http_interactions:
- request:
    method: post
    uri: https://api.openai.com/v1/responses
    body:
      encoding: UTF-8
      string: '{"input":[{"role":"user","content":[{"type":"input_text","text":"You
        are a bot that can run UNIX commands"}]},{"role":"user","content":[{"type":"input_text","text":"What
        is the date?"}]}],"model":"gpt-4.1","tools":[{"type":"function","name":"system","description":"Runs
        system commands","parameters":{"type":"object","properties":{"command":{"type":"string"}},"required":["command"],"additionalProperties":false},"strict":false}]}'
    headers:
      User-Agent:
      - llm.rb v11.3.1
      Content-Type:
      - application/json
      Authorization:
      - Bearer TOKEN
      Transfer-Encoding:
      - chunked
      Accept-Encoding:
      - gzip;q=1.0,deflate;q=0.6,identity;q=0.3
      Accept:
      - "*/*"
  response:
    status:
      code: 200
      message: OK
    headers:
      Date:
      - Fri, 26 Jun 2026 01:38:21 GMT
      Content-Type:
      - application/json
      Transfer-Encoding:
      - chunked
      Connection:
      - keep-alive
      Cf-Ray:
      - a1187def59c8cb7f-GRU
      Cf-Cache-Status:
      - DYNAMIC
      Server:
      - cloudflare
      Strict-Transport-Security:
      - max-age=31536000; includeSubDomains; preload
      X-Content-Type-Options:
      - nosniff
      Access-Control-Expose-Headers:
      - CF-Ray
      - CF-Ray
      - X-Request-ID
      Openai-Organization:
      - user-j1pztzt5nogpcsid23u7gskj
      Openai-Processing-Ms:
      - '681'
      Openai-Project:
      - proj_YSiqu4bByPgi6EwPnLiY8irR
      Openai-Version:
      - '2020-10-01'
      X-Ratelimit-Limit-Requests:
      - '5000'
      X-Ratelimit-Limit-Tokens:
      - '800000'
      X-Ratelimit-Remaining-Requests:
      - '4999'
      X-Ratelimit-Remaining-Tokens:
      - '800000'
      X-Ratelimit-Reset-Requests:
      - 12ms
      X-Ratelimit-Reset-Tokens:
      - 0s
      X-Request-Id:
      - req_abe314a167bc48f3bd480a73d62f3915
      Set-Cookie:
      - __cf_bm=IKGwK4cE_ymuTduHidbHmnMX6W9v0pWwXdhjSc77XGE-1782437900.6922846-1.0.1.1-NiwYOKCWGY921njqnIPvhjU77B9IxGc2Oh_PnI8wV0W90MnhEhSGDxSn2LElkL0DdFn.isC7WEDxUv2CJaH9bATMLwi1jrU2KRYo0I8JhpKHa9ZA6fnNAPHfYOBD_6b_;
        HttpOnly; SameSite=None; Secure; Path=/; Domain=api.openai.com; Expires=Fri,
        26 Jun 2026 02:08:21 GMT
      Alt-Svc:
      - h3=":443"; ma=86400
    body:
      encoding: ASCII-8BIT
      string: |-
        {
          "id": "resp_03e7af16e4c56087006a3dd80cd084819c9019786ae67ed414",
          "object": "response",
          "created_at": 1782437900,
          "status": "completed",
          "background": false,
          "billing": {
            "payer": "developer"
          },
          "completed_at": 1782437901,
          "error": null,
          "frequency_penalty": 0.0,
          "incomplete_details": null,
          "instructions": null,
          "max_output_tokens": null,
          "max_tool_calls": null,
          "model": "gpt-4.1-2025-04-14",
          "moderation": null,
          "output": [
            {
              "id": "fc_03e7af16e4c56087006a3dd80d2354819c9a18bd3ee3af9f06",
              "type": "function_call",
              "status": "completed",
              "arguments": "{\"command\":\"date\"}",
              "call_id": "call_qffCnomZrKmxK7xXc3i9k2nb",
              "name": "system"
            }
          ],
          "parallel_tool_calls": true,
          "presence_penalty": 0.0,
          "previous_response_id": null,
          "prompt_cache_key": null,
          "prompt_cache_retention": "in_memory",
          "reasoning": {
            "context": null,
            "effort": null,
            "summary": null
          },
          "safety_identifier": null,
          "service_tier": "default",
          "store": true,
          "temperature": 1.0,
          "text": {
            "format": {
              "type": "text"
            },
            "verbosity": "medium"
          },
          "tool_choice": "auto",
          "tool_usage": {
            "image_gen": {
              "input_tokens": 0,
              "input_tokens_details": {
                "image_tokens": 0,
                "text_tokens": 0
              },
              "output_tokens": 0,
              "output_tokens_details": {
                "image_tokens": 0,
                "text_tokens": 0
              },
              "total_tokens": 0
            },
            "web_search": {
              "num_requests": 0
            }
          },
          "tools": [
            {
              "type": "function",
              "description": "Runs system commands",
              "name": "system",
              "parameters": {
                "type": "object",
                "properties": {
                  "command": {
                    "type": "string"
                  }
                },
                "required": [
                  "command"
                ],
                "additionalProperties": false
              },
              "strict": false
            }
          ],
          "top_logprobs": 0,
          "top_p": 1.0,
          "truncation": "disabled",
          "usage": {
            "input_tokens": 52,
            "input_tokens_details": {
              "cached_tokens": 0
            },
            "output_tokens": 14,
            "output_tokens_details": {
              "reasoning_tokens": 0
            },
            "total_tokens": 66
          },
          "user": null,
          "metadata": {}
        }
  recorded_at: Fri, 26 Jun 2026 01:38:14 GMT
- request:
    method: post
    uri: https://api.openai.com/v1/responses
    body:
      encoding: UTF-8
      string: '{"input":[{"type":"function_call_output","call_id":"call_qffCnomZrKmxK7xXc3i9k2nb","output":"{\"success\":\"2025-08-24\"}"}],"model":"gpt-4.1","previous_response_id":"resp_03e7af16e4c56087006a3dd80cd084819c9019786ae67ed414","tools":[{"type":"function","name":"system","description":"Runs
        system commands","parameters":{"type":"object","properties":{"command":{"type":"string"}},"required":["command"],"additionalProperties":false},"strict":false}]}'
    headers:
      User-Agent:
      - llm.rb v11.3.1
      Content-Type:
      - application/json
      Authorization:
      - Bearer TOKEN
      Transfer-Encoding:
      - chunked
      Accept-Encoding:
      - gzip;q=1.0,deflate;q=0.6,identity;q=0.3
      Accept:
      - "*/*"
  response:
    status:
      code: 200
      message: OK
    headers:
      Date:
      - Fri, 26 Jun 2026 01:38:22 GMT
      Content-Type:
      - application/json
      Transfer-Encoding:
      - chunked
      Connection:
      - keep-alive
      Cf-Ray:
      - a1187df4e9131da1-GRU
      Cf-Cache-Status:
      - DYNAMIC
      Server:
      - cloudflare
      Strict-Transport-Security:
      - max-age=31536000; includeSubDomains; preload
      X-Content-Type-Options:
      - nosniff
      Access-Control-Expose-Headers:
      - CF-Ray
      - CF-Ray
      - X-Request-ID
      Openai-Organization:
      - user-j1pztzt5nogpcsid23u7gskj
      Openai-Processing-Ms:
      - '892'
      Openai-Project:
      - proj_YSiqu4bByPgi6EwPnLiY8irR
      Openai-Version:
      - '2020-10-01'
      X-Ratelimit-Limit-Requests:
      - '5000'
      X-Ratelimit-Limit-Tokens:
      - '800000'
      X-Ratelimit-Remaining-Requests:
      - '4999'
      X-Ratelimit-Remaining-Tokens:
      - '800000'
      X-Ratelimit-Reset-Requests:
      - 12ms
      X-Ratelimit-Reset-Tokens:
      - 0s
      X-Request-Id:
      - req_d8c0fc80fccd424ea24afecba94107fc
      Set-Cookie:
      - __cf_bm=O6Elg_Q14gKBnMNN0YfNCocpWh_QtHm9mfeRYG4eB3w-1782437901.5899267-1.0.1.1-zADe3Qk1B31wZZzv7JPDiFr5RFkDcr4nG9BIPWBf5IpwC.XKYbiNvfWMH68cwYhpW05bHzlyCho9.HD5Gm_eu66ajBiMH1NjVPUI7IJkG5pYsa8NyqwJBgiq.SkPuurY;
        HttpOnly; SameSite=None; Secure; Path=/; Domain=api.openai.com; Expires=Fri,
        26 Jun 2026 02:08:22 GMT
      Alt-Svc:
      - h3=":443"; ma=86400
    body:
      encoding: ASCII-8BIT
      string: |-
        {
          "id": "resp_03e7af16e4c56087006a3dd80dba44819ca2df6f4f4b383f33",
          "object": "response",
          "created_at": 1782437901,
          "status": "completed",
          "background": false,
          "billing": {
            "payer": "developer"
          },
          "completed_at": 1782437902,
          "error": null,
          "frequency_penalty": 0.0,
          "incomplete_details": null,
          "instructions": null,
          "max_output_tokens": null,
          "max_tool_calls": null,
          "model": "gpt-4.1-2025-04-14",
          "moderation": null,
          "output": [
            {
              "id": "msg_03e7af16e4c56087006a3dd80e5ec4819caa21caaa183241f2",
              "type": "message",
              "status": "completed",
              "content": [
                {
                  "type": "output_text",
                  "annotations": [],
                  "logprobs": [],
                  "text": "Today's date is 2025-08-24."
                }
              ],
              "role": "assistant"
            }
          ],
          "parallel_tool_calls": true,
          "presence_penalty": 0.0,
          "previous_response_id": "resp_03e7af16e4c56087006a3dd80cd084819c9019786ae67ed414",
          "prompt_cache_key": null,
          "prompt_cache_retention": "in_memory",
          "reasoning": {
            "context": null,
            "effort": null,
            "summary": null
          },
          "safety_identifier": null,
          "service_tier": "default",
          "store": true,
          "temperature": 1.0,
          "text": {
            "format": {
              "type": "text"
            },
            "verbosity": "medium"
          },
          "tool_choice": "auto",
          "tool_usage": {
            "image_gen": {
              "input_tokens": 0,
              "input_tokens_details": {
                "image_tokens": 0,
                "text_tokens": 0
              },
              "output_tokens": 0,
              "output_tokens_details": {
                "image_tokens": 0,
                "text_tokens": 0
              },
              "total_tokens": 0
            },
            "web_search": {
              "num_requests": 0
            }
          },
          "tools": [
            {
              "type": "function",
              "description": "Runs system commands",
              "name": "system",
              "parameters": {
                "type": "object",
                "properties": {
                  "command": {
                    "type": "string"
                  }
                },
                "required": [
                  "command"
                ],
                "additionalProperties": false
              },
              "strict": false
            }
          ],
          "top_logprobs": 0,
          "top_p": 1.0,
          "truncation": "disabled",
          "usage": {
            "input_tokens": 83,
            "input_tokens_details": {
              "cached_tokens": 0
            },
            "output_tokens": 13,
            "output_tokens_details": {
              "reasoning_tokens": 0
            },
            "total_tokens": 96
          },
          "user": null,
          "metadata": {}
        }
  recorded_at: Fri, 26 Jun 2026 01:38:15 GMT
recorded_with: VCR 6.4.0
